
Microsoft Visual Studio Solution File, Format Version 12.00
# Visual Studio Version 17
VisualStudioVersion = 17.2.32519.379
MinimumVisualStudioVersion = 10.0.40219.1
Project("{FAE04EC0-301F-11D3-BF4B-00C04F79EFBC}") = "pryRaoSP2", "pryRaoSP2\pryRaoSP2.csproj", "{417E7FAA-7901-462A-B279-61D9E5D821F8}"
EndProject
Global
	GlobalSection(SolutionConfigurationPlatforms) = preSolution
		Debug|Any CPU = Debug|Any CPU
		Release|Any CPU = Release|Any CPU
	EndGlobalSection
	GlobalSection(ProjectConfigurationPlatforms) = postSolution
		{417E7FAA-7901-462A-B279-61D9E5D821F8}.Debug|Any CPU.ActiveCfg = Debug|Any CPU
		{417E7FAA-7901-462A-B279-61D9E5D821F8}.Debug|Any CPU.Build.0 = Debug|Any CPU
		{417E7FAA-7901-462A-B279-61D9E5D821F8}.Release|Any CPU.ActiveCfg = Release|Any CPU
		{417E7FAA-7901-462A-B279-61D9E5D821F8}.Release|Any CPU.Build.0 = Release|Any CPU
	EndGlobalSection
	GlobalSection(SolutionProperties) = preSolution
		HideSolutionNode = FALSE
	EndGlobalSection
	GlobalSection(ExtensibilityGlobals) = postSolution
		SolutionGuid = {A9B1EB0C-538F-459C-99B2-7B6084784018}
	EndGlobalSection
EndGlobal
